# This file was autogenerated by Stack.
# You should not edit this file by hand.
# For more information, please see the documentation at:
#   https://docs.haskellstack.org/en/stable/lock_files

packages:
- completed:
    hackage: fgl-arbitrary-0.2.0.6@sha256:aa400f247a0d892388a177d4f00ca7b0c42350b4976a22dc39332a5013799ee9,1743
    pantry-tree:
      sha256: d359fd7235bdf0eb91fd4b8c55af7897b65f1e610f0731ae843751ad94e717f4
      size: 338
  original:
    hackage: fgl-arbitrary-0.2.0.6
- completed:
    commit: a2c7fb6bd4b5658c885f0927dad7d61dd7a94f80
    git: https://github.com/haskell/fgl
    name: fgl
    pantry-tree:
      sha256: 508d9ab40eda18ea49ccf2817cdcd7886cabcca0a5f7aa29eb614ec68f63a404
      size: 3357
    version: 5.8.1.1
  original:
    commit: a2c7fb6bd4b5658c885f0927dad7d61dd7a94f80
    git: https://github.com/haskell/fgl
snapshots:
- completed:
    sha256: 401a0e813162ba62f04517f60c7d25e93a0f867f94a902421ebf07d1fb5a8c46
    size: 650044
    url: https://raw.githubusercontent.com/commercialhaskell/stackage-snapshots/master/lts/20/21.yaml
  original:
    url: https://raw.githubusercontent.com/commercialhaskell/stackage-snapshots/master/lts/20/21.yaml
